
Microsoft Visual Studio Solution File, Format Version 12.00
# Visual Studio Version 16
VisualStudioVersion = 16.0.29728.190
MinimumVisualStudioVersion = 10.0.40219.1
Project("{FAE04EC0-301F-11D3-BF4B-00C04F79EFBC}") = "LINQPractice", "LINQPractice\LINQPractice.csproj", "{6C301104-EFF8-4142-80F3-15048DA37E3B}"
EndProject
Global
	GlobalSection(SolutionConfigurationPlatforms) = preSolution
		Debug|Any CPU = Debug|Any CPU
		Release|Any CPU = Release|Any CPU
	EndGlobalSection
	GlobalSection(ProjectConfigurationPlatforms) = postSolution
		{6C301104-EFF8-4142-80F3-15048DA37E3B}.Debug|Any CPU.ActiveCfg = Debug|Any CPU
		{6C301104-EFF8-4142-80F3-15048DA37E3B}.Debug|Any CPU.Build.0 = Debug|Any CPU
		{6C301104-EFF8-4142-80F3-15048DA37E3B}.Release|Any CPU.ActiveCfg = Release|Any CPU
		{6C301104-EFF8-4142-80F3-15048DA37E3B}.Release|Any CPU.Build.0 = Release|Any CPU
	EndGlobalSection
	GlobalSection(SolutionProperties) = preSolution
		HideSolutionNode = FALSE
	EndGlobalSection
	GlobalSection(ExtensibilityGlobals) = postSolution
		SolutionGuid = {545C4AC1-1EAD-4A3E-BF0F-F9B8EFD424A0}
	EndGlobalSection
EndGlobal
